
Microsoft Visual Studio Solution File, Format Version 12.00
# Visual Studio 15
VisualStudioVersion = 15.0.28307.1267
MinimumVisualStudioVersion = 10.0.40219.1
Project("{9A19103F-16F7-4668-BE54-9A1E7A4F7556}") = "lambda_sample_CSharp", "lambda_sample_CSharp.csproj", "{68507637-9FBB-436C-AE4A-EB854D1C3D67}"
EndProject
Global
	GlobalSection(SolutionConfigurationPlatforms) = preSolution
		Debug|Any CPU = Debug|Any CPU
		Release|Any CPU = Release|Any CPU
	EndGlobalSection
	GlobalSection(ProjectConfigurationPlatforms) = postSolution
		{68507637-9FBB-436C-AE4A-EB854D1C3D67}.Debug|Any CPU.ActiveCfg = Debug|Any CPU
		{68507637-9FBB-436C-AE4A-EB854D1C3D67}.Debug|Any CPU.Build.0 = Debug|Any CPU
		{68507637-9FBB-436C-AE4A-EB854D1C3D67}.Release|Any CPU.ActiveCfg = Release|Any CPU
		{68507637-9FBB-436C-AE4A-EB854D1C3D67}.Release|Any CPU.Build.0 = Release|Any CPU
	EndGlobalSection
	GlobalSection(SolutionProperties) = preSolution
		HideSolutionNode = FALSE
	EndGlobalSection
	GlobalSection(ExtensibilityGlobals) = postSolution
		SolutionGuid = {664A34A1-6948-44E7-91ED-F24F47F7442C}
	EndGlobalSection
EndGlobal
